# This file was autogenerated by Stack.
# You should not edit this file by hand.
# For more information, please see the documentation at:
#   https://docs.haskellstack.org/en/stable/topics/lock_files

packages:
- completed:
    hackage: servant-0.20@sha256:cb4547b8a7f1346740057e376a84b37cf0cc54d6d1a1419d982c7b335b6ba205,5624
    pantry-tree:
      sha256: 68bb5bccfa057fc513c0dc68fe20da17085c08c953efd6a92eda0820c96da11c
      size: 2873
  original:
    hackage: servant-0.20
- completed:
    hackage: servant-server-0.20@sha256:ce12f34181d4a55b29cdbf2b4fab26a850570b7fe1d50529e9d8d3626c98e0d8,5739
    pantry-tree:
      sha256: 540eb3e0ec595bb620affdf7a349e1df23075a2f82e2d24507f141e342d8e1ff
      size: 2615
  original:
    hackage: servant-server-0.20
- completed:
    hackage: persistent-2.14.5.1@sha256:f92347dbfdc7e111b18a847b6a76e2dd0c541fe716101342a6dfe68c65acc846,7162
    pantry-tree:
      sha256: 91ebe8357f86f80fe83c490ff173cf54ab61b193b45f9340407863db9332cdba
      size: 6601
  original:
    hackage: persistent-2.14.5.1
- completed:
    hackage: persistent-sqlite-2.13.1.0@sha256:20dc8067acd7ddc022f9d811d7344cc9e7def2d7c2a223ceff8cfae6ca4752f3,5155
    pantry-tree:
      sha256: c65043c4702cb767e992088b6bfbf79fb90fbc6d83d67087cbe0286b6953b1a4
      size: 834
  original:
    hackage: persistent-sqlite-2.13.1.0
- completed:
    hackage: persistent-template-2.12.0.0@sha256:7c68de6624ff83e14b674745e1c895dcf7c8676f6f24be131c89e2e4c2fa4510,1008
    pantry-tree:
      sha256: 6d31d8a3bde912d0c8b28d9d18caa77a5a7add42104d8bb109f7cd298f21a78f
      size: 267
  original:
    hackage: persistent-template-2.12.0.0
- completed:
    hackage: lucid-svg-0.7.2.0@sha256:ac145997d5d6976d5c77e09992b5b204d7ddb7edba3002801927ed2acc69692b,1091
    pantry-tree:
      sha256: d17d9c53627b0b05d62f6fc9b74a7c5a600126318df2b89aca205794be084de3
      size: 456
  original:
    hackage: lucid-svg-0.7.2.0@sha256:ac145997d5d6976d5c77e09992b5b204d7ddb7edba3002801927ed2acc69692b,1091
snapshots:
- completed:
    sha256: a81fb3877c4f9031e1325eb3935122e608d80715dc16b586eb11ddbff8671ecd
    size: 640086
    url: https://raw.githubusercontent.com/commercialhaskell/stackage-snapshots/master/lts/21/25.yaml
  original: lts-21.25
